{
  "name": "hollow-hour-example-terraform-equivalence",
  "version": "0.0.0",
  "lockfileVersion": 3,
  "requires": true,
  "packages": {
    "": {
      "name": "hollow-hour-example-terraform-equivalence",
      "version": "0.0.0",
      "license": "Apache-2.0",
      "dependencies": {
        "@flow-as-code/core": "0.2.0",
        "@flow-as-code/hcl": "0.2.0"
      },
      "engines": {
        "node": ">=22.12"
      }
    },
    "node_modules/@flow-as-code/core": {
      "version": "0.2.0",
      "resolved": "https://registry.npmjs.org/@flow-as-code/core/-/core-0.2.0.tgz",
      "integrity": "sha512-LV7ePx/6YWYbwO0EXYrhvB91REPFXO0uHuy38CZXERPTQQPz6bKLAOjOCWHJC8VTRwUGPEwfGxvo33zis81NMA==",
      "license": "Apache-2.0",
      "engines": {
        "node": ">=22.12"
      },
      "peerDependencies": {
        "@aws-sdk/client-connect": "^3.600.0"
      },
      "peerDependenciesMeta": {
        "@aws-sdk/client-connect": {
          "optional": true
        }
      }
    },
    "node_modules/@flow-as-code/hcl": {
      "version": "0.2.0",
      "resolved": "https://registry.npmjs.org/@flow-as-code/hcl/-/hcl-0.2.0.tgz",
      "integrity": "sha512-55v9OkhM5H7hGsachP4sBbOxcOsB8rbXydiqkIlwZiXqDQaHJRJ1Ke71Nxcd0oJpzgzG7y7fdiweC6wCWn1Kfg==",
      "license": "Apache-2.0",
      "dependencies": {
        "@flow-as-code/core": "0.2.0"
      },
      "engines": {
        "node": ">=22.12"
      }
    }
  }
}
