{
  "name": "hollow-hour-example-terraform-equivalence",
  "version": "0.0.0",
  "lockfileVersion": 3,
  "requires": true,
  "packages": {
    "": {
      "name": "hollow-hour-example-terraform-equivalence",
      "version": "0.0.0",
      "license": "Apache-2.0",
      "dependencies": {
        "@flow-as-code/core": "0.2.1",
        "@flow-as-code/hcl": "0.2.1"
      },
      "engines": {
        "node": ">=22.12"
      }
    },
    "node_modules/@flow-as-code/core": {
      "version": "0.2.1",
      "resolved": "https://registry.npmjs.org/@flow-as-code/core/-/core-0.2.1.tgz",
      "integrity": "sha512-E5En56CgV2pjdBXBkTqyNBVql2eOr+iWGA7s+MFp1vnWaW4tMhDfVGKlwpkQHOE2fX/kOGiD6/HA3dWj//qtPQ==",
      "license": "Apache-2.0",
      "engines": {
        "node": ">=22.12"
      },
      "peerDependencies": {
        "@aws-sdk/client-connect": "^3.600.0"
      },
      "peerDependenciesMeta": {
        "@aws-sdk/client-connect": {
          "optional": true
        }
      }
    },
    "node_modules/@flow-as-code/hcl": {
      "version": "0.2.1",
      "resolved": "https://registry.npmjs.org/@flow-as-code/hcl/-/hcl-0.2.1.tgz",
      "integrity": "sha512-k95RPbtGfcxFmrGo3HkuynPKx3YnAx9IxzRYvzADIGW517JODYadn7EUAZKQTTPW4biwoSURZ0JIeWvRgptjdw==",
      "license": "Apache-2.0",
      "dependencies": {
        "@flow-as-code/core": "0.2.1"
      },
      "engines": {
        "node": ">=22.12"
      }
    }
  }
}
